// !$*UTF8*$!
{
	archiveVersion = 1;
	classes = {
	};
	objectVersion = 46;
	objects = {

/* Begin PBXBuildFile section */
		4311E1B61FB29C1300EDE1FE /* AppDelegate.swift in Sources */ = {isa = PBXBuildFile; fileRef = 4311E1B51FB29C1300EDE1FE /* AppDelegate.swift */; };
		4311E1B81FB29C1300EDE1FE /* ViewController.swift in Sources */ = {isa = PBXBuildFile; fileRef = 4311E1B71FB29C1300EDE1FE /* ViewController.swift */; };
		4311E1BB1FB29C1300EDE1FE /* Main.storyboard in Resources */ = {isa = PBXBuildFile; fileRef = 4311E1B91FB29C1300EDE1FE /* Main.storyboard */; };
		4311E1BD1FB29C1300EDE1FE /* Assets.xcassets in Resources */ = {isa = PBXBuildFile; fileRef = 4311E1BC1FB29C1300EDE1FE /* Assets.xcassets */; };
		4311E1C01FB29C1300EDE1FE /* LaunchScreen.storyboard in Resources */ = {isa = PBXBuildFile; fileRef = 4311E1BE1FB29C1300EDE1FE /* LaunchScreen.storyboard */; };
		4311E1CB1FB29C1300EDE1FE /* FRPTalkTests.swift in Sources */ = {isa = PBXBuildFile; fileRef = 4311E1CA1FB29C1300EDE1FE /* FRPTalkTests.swift */; };
/* End PBXBuildFile section */

/* Begin PBXContainerItemProxy section */
		4311E1C71FB29C1300EDE1FE /* PBXContainerItemProxy */ = {
			isa = PBXContainerItemProxy;
			containerPortal = 4311E1AA1FB29C1300EDE1FE /* Project object */;
			proxyType = 1;
			remoteGlobalIDString = 4311E1B11FB29C1300EDE1FE;
			remoteInfo = FRPTalk;
		};
/* End PBXContainerItemProxy section */

/* Begin PBXFileReference section */
		4311E1B21FB29C1300EDE1FE /* FRPTalk.app */ = {isa = PBXFileReference; explicitFileType = wrapper.application; includeInIndex = 0; path = FRPTalk.app; sourceTree = BUILT_PRODUCTS_DIR; };
		4311E1B51FB29C1300EDE1FE /* AppDelegate.swift */ = {isa = PBXFileReference; lastKnownFileType = sourcecode.swift; path = AppDelegate.swift; sourceTree = "<group>"; };
		4311E1B71FB29C1300EDE1FE /* ViewController.swift */ = {isa = PBXFileReference; lastKnownFileType = sourcecode.swift; path = ViewController.swift; sourceTree = "<group>"; };
		4311E1BA1FB29C1300EDE1FE /* Base */ = {isa = PBXFileReference; lastKnownFileType = file.storyboard; name = Base; path = Base.lproj/Main.storyboard; sourceTree = "<group>"; };
		4311E1BC1FB29C1300EDE1FE /* Assets.xcassets */ = {isa = PBXFileReference; lastKnownFileType = folder.assetcatalog; path = Assets.xcassets; sourceTree = "<group>"; };
		4311E1BF1FB29C1300EDE1FE /* Base */ = {isa = PBXFileReference; lastKnownFileType = file.storyboard; name = Base; path = Base.lproj/LaunchScreen.storyboard; sourceTree = "<group>"; };
		4311E1C11FB29C1300EDE1FE /* Info.plist */ = {isa = PBXFileReference; lastKnownFileType = text.plist.xml; path = Info.plist; sourceTree = "<group>"; };
		4311E1C61FB29C1300EDE1FE /* FRPTalkTests.xctest */ = {isa = PBXFileReference; explicitFileType = wrapper.cfbundle; includeInIndex = 0; path = FRPTalkTests.xctest; sourceTree = BUILT_PRODUCTS_DIR; };
		4311E1CA1FB29C1300EDE1FE /* FRPTalkTests.swift */ = {isa = PBXFileReference; lastKnownFileType = sourcecode.swift; path = FRPTalkTests.swift; sourceTree = "<group>"; };
		4311E1CC1FB29C1300EDE1FE /* Info.plist */ = {isa = PBXFileReference; lastKnownFileType = text.plist.xml; path = Info.plist; sourceTree = "<group>"; };
/* End PBXFileReference section */

/* Begin PBXFrameworksBuildPhase section */
		4311E1AF1FB29C1300EDE1FE /* Frameworks */ = {
			isa = PBXFrameworksBuildPhase;
			buildActionMask = 2147483647;
			files = (
			);
			runOnlyForDeploymentPostprocessing = 0;
		};
		4311E1C31FB29C1300EDE1FE /* Frameworks */ = {
			isa = PBXFrameworksBuildPhase;
			buildActionMask = 2147483647;
			files = (
			);
			runOnlyForDeploymentPostprocessing = 0;
		};
/* End PBXFrameworksBuildPhase section */

/* Begin PBXGroup section */
		4311E1A91FB29C1300EDE1FE = {
			isa = PBXGroup;
			children = (
				4311E1B41FB29C1300EDE1FE /* FRPTalk */,
				4311E1C91FB29C1300EDE1FE /* FRPTalkTests */,
				4311E1B31FB29C1300EDE1FE /* Products */,
			);
			sourceTree = "<group>";
		};
		4311E1B31FB29C1300EDE1FE /* Products */ = {
			isa = PBXGroup;
			children = (
				4311E1B21FB29C1300EDE1FE /* FRPTalk.app */,
				4311E1C61FB29C1300EDE1FE /* FRPTalkTests.xctest */,
			);
			name = Products;
			sourceTree = "<group>";
		};
		4311E1B41FB29C1300EDE1FE /* FRPTalk */ = {
			isa = PBXGroup;
			children = (
				4311E1B51FB29C1300EDE1FE /* AppDelegate.swift */,
				4311E1B71FB29C1300EDE1FE /* ViewController.swift */,
				4311E1B91FB29C1300EDE1FE /* Main.storyboard */,
				4311E1BC1FB29C1300EDE1FE /* Assets.xcassets */,
				4311E1BE1FB29C1300EDE1FE /* LaunchScreen.storyboard */,
				4311E1C11FB29C1300EDE1FE /* Info.plist */,
			);
			path = FRPTalk;
			sourceTree = "<group>";
		};
		4311E1C91FB29C1300EDE1FE /* FRPTalkTests */ = {
			isa = PBXGroup;
			children = (
				4311E1CA1FB29C1300EDE1FE /* FRPTalkTests.swift */,
				4311E1CC1FB29C1300EDE1FE /* Info.plist */,
			);
			path = FRPTalkTests;
			sourceTree = "<group>";
		};
/* End PBXGroup section */

/* Begin PBXNativeTarget section */
		4311E1B11FB29C1300EDE1FE /* FRPTalk */ = {
			isa = PBXNativeTarget;
			buildConfigurationList = 4311E1CF1FB29C1300EDE1FE /* Build configuration list for PBXNativeTarget "FRPTalk" */;
			buildPhases = (
				4311E1AE1FB29C1300EDE1FE /* Sources */,
				4311E1AF1FB29C1300EDE1FE /* Frameworks */,
				4311E1B01FB29C1300EDE1FE /* Resources */,
			);
			buildRules = (
			);
			dependencies = (
			);
			name = FRPTalk;
			productName = FRPTalk;
			productReference = 4311E1B21FB29C1300EDE1FE /* FRPTalk.app */;
			productType = "com.apple.product-type.application";
		};
		4311E1C51FB29C1300EDE1FE /* FRPTalkTests */ = {
			isa = PBXNativeTarget;
			buildConfigurationList = 4311E1D21FB29C1300EDE1FE /* Build configuration list for PBXNativeTarget "FRPTalkTests" */;
			buildPhases = (
				4311E1C21FB29C1300EDE1FE /* Sources */,
				4311E1C31FB29C1300EDE1FE /* Frameworks */,
				4311E1C41FB29C1300EDE1FE /* Resources */,
			);
			buildRules = (
			);
			dependencies = (
				4311E1C81FB29C1300EDE1FE /* PBXTargetDependency */,
			);
			name = FRPTalkTests;
			productName = FRPTalkTests;
			productReference = 4311E1C61FB29C1300EDE1FE /* FRPTalkTests.xctest */;
			productType = "com.apple.product-type.bundle.unit-test";
		};
/* End PBXNativeTarget section */

/* Begin PBXProject section */
		4311E1AA1FB29C1300EDE1FE /* Project object */ = {
			isa = PBXProject;
			attributes = {
				LastSwiftUpdateCheck = 0830;
				LastUpgradeCheck = 0830;
				ORGANIZATIONNAME = "Nate Symer";
				TargetAttributes = {
					4311E1B11FB29C1300EDE1FE = {
						CreatedOnToolsVersion = 8.3.3;
						ProvisioningStyle = Automatic;
					};
					4311E1C51FB29C1300EDE1FE = {
						CreatedOnToolsVersion = 8.3.3;
						ProvisioningStyle = Automatic;
						TestTargetID = 4311E1B11FB29C1300EDE1FE;
					};
				};
			};
			buildConfigurationList = 4311E1AD1FB29C1300EDE1FE /* Build configuration list for PBXProject "FRPTalk" */;
			compatibilityVersion = "Xcode 3.2";
			developmentRegion = English;
			hasScannedForEncodings = 0;
			knownRegions = (
				en,
				Base,
			);
			mainGroup = 4311E1A91FB29C1300EDE1FE;
			productRefGroup = 4311E1B31FB29C1300EDE1FE /* Products */;
			projectDirPath = "";
			projectRoot = "";
			targets = (
				4311E1B11FB29C1300EDE1FE /* FRPTalk */,
				4311E1C51FB29C1300EDE1FE /* FRPTalkTests */,
			);
		};
/* End PBXProject section */

/* Begin PBXResourcesBuildPhase section */
		4311E1B01FB29C1300EDE1FE /* Resources */ = {
			isa = PBXResourcesBuildPhase;
			buildActionMask = 2147483647;
			files = (
				4311E1C01FB29C1300EDE1FE /* LaunchScreen.storyboard in Resources */,
				4311E1BD1FB29C1300EDE1FE /* Assets.xcassets in Resources */,
				4311E1BB1FB29C1300EDE1FE /* Main.storyboard in Resources */,
			);
			runOnlyForDeploymentPostprocessing = 0;
		};
		4311E1C41FB29C1300EDE1FE /* Resources */ = {
			isa = PBXResourcesBuildPhase;
			buildActionMask = 2147483647;
			files = (
			);
			runOnlyForDeploymentPostprocessing = 0;
		};
/* End PBXResourcesBuildPhase section */

/* Begin PBXSourcesBuildPhase section */
		4311E1AE1FB29C1300EDE1FE /* Sources */ = {
			isa = PBXSourcesBuildPhase;
			buildActionMask = 2147483647;
			files = (
				4311E1B81FB29C1300EDE1FE /* ViewController.swift in Sources */,
				4311E1B61FB29C1300EDE1FE /* AppDelegate.swift in Sources */,
			);
			runOnlyForDeploymentPostprocessing = 0;
		};
		4311E1C21FB29C1300EDE1FE /* Sources */ = {
			isa = PBXSourcesBuildPhase;
			buildActionMask = 2147483647;
			files = (
				4311E1CB1FB29C1300EDE1FE /* FRPTalkTests.swift in Sources */,
			);
			runOnlyForDeploymentPostprocessing = 0;
		};
/* End PBXSourcesBuildPhase section */

/* Begin PBXTargetDependency section */
		4311E1C81FB29C1300EDE1FE /* PBXTargetDependency */ = {
			isa = PBXTargetDependency;
			target = 4311E1B11FB29C1300EDE1FE /* FRPTalk */;
			targetProxy = 4311E1C71FB29C1300EDE1FE /* PBXContainerItemProxy */;
		};
/* End PBXTargetDependency section */

/* Begin PBXVariantGroup section */
		4311E1B91FB29C1300EDE1FE /* Main.storyboard */ = {
			isa = PBXVariantGroup;
			children = (
				4311E1BA1FB29C1300EDE1FE /* Base */,
			);
			name = Main.storyboard;
			sourceTree = "<group>";
		};
		4311E1BE1FB29C1300EDE1FE /* LaunchScreen.storyboard */ = {
			isa = PBXVariantGroup;
			children = (
				4311E1BF1FB29C1300EDE1FE /* Base */,
			);
			name = LaunchScreen.storyboard;
			sourceTree = "<group>";
		};
/* End PBXVariantGroup section */

/* Begin XCBuildConfiguration section */
		4311E1CD1FB29C1300EDE1FE /* Debug */ = {
			isa = XCBuildConfiguration;
			buildSettings = {
				ALWAYS_SEARCH_USER_PATHS = NO;
				CLANG_ANALYZER_NONNULL = YES;
				CLANG_ANALYZER_NUMBER_OBJECT_CONVERSION = YES_AGGRESSIVE;
				CLANG_CXX_LANGUAGE_STANDARD = "gnu++0x";
				CLANG_CXX_LIBRARY = "libc++";
				CLANG_ENABLE_MODULES = YES;
				CLANG_ENABLE_OBJC_ARC = YES;
				CLANG_WARN_BOOL_CONVERSION = YES;
				CLANG_WARN_CONSTANT_CONVERSION = YES;
				CLANG_WARN_DIRECT_OBJC_ISA_USAGE = YES_ERROR;
				CLANG_WARN_DOCUMENTATION_COMMENTS = YES;
				CLANG_WARN_EMPTY_BODY = YES;
				CLANG_WARN_ENUM_CONVERSION = YES;
				CLANG_WARN_INFINITE_RECURSION = YES;
				CLANG_WARN_INT_CONVERSION = YES;
				CLANG_WARN_OBJC_ROOT_CLASS = YES_ERROR;
				CLANG_WARN_SUSPICIOUS_MOVE = YES;
				CLANG_WARN_UNREACHABLE_CODE = YES;
				CLANG_WARN__DUPLICATE_METHOD_MATCH = YES;
				"CODE_SIGN_IDENTITY[sdk=iphoneos*]" = "iPhone Developer";
				COPY_PHASE_STRIP = NO;
				DEBUG_INFORMATION_FORMAT = dwarf;
				ENABLE_STRICT_OBJC_MSGSEND = YES;
				ENABLE_TESTABILITY = YES;
				GCC_C_LANGUAGE_STANDARD = gnu99;
				GCC_DYNAMIC_NO_PIC = NO;
				GCC_NO_COMMON_BLOCKS = YES;
				GCC_OPTIMIZATION_LEVEL = 0;
				GCC_PREPROCESSOR_DEFINITIONS = (
					"DEBUG=1",
					"$(inherited)",
				);
				GCC_WARN_64_TO_32_BIT_CONVERSION = YES;
				GCC_WARN_ABOUT_RETURN_TYPE = YES_ERROR;
				GCC_WARN_UNDECLARED_SELECTOR = YES;
				GCC_WARN_UNINITIALIZED_AUTOS = YES_AGGRESSIVE;
				GCC_WARN_UNUSED_FUNCTION = YES;
				GCC_WARN_UNUSED_VARIABLE = YES;
				IPHONEOS_DEPLOYMENT_TARGET = 10.3;
				MTL_ENABLE_DEBUG_INFO = YES;
				ONLY_ACTIVE_ARCH = YES;
				SDKROOT = iphoneos;
				SWIFT_ACTIVE_COMPILATION_CONDITIONS = DEBUG;
				SWIFT_OPTIMIZATION_LEVEL = "-Onone";
				TARGETED_DEVICE_FAMILY = "1,2";
			};
			name = Debug;
		};
		4311E1CE1FB29C1300EDE1FE /* Release */ = {
			isa = XCBuildConfiguration;
			buildSettings = {
				ALWAYS_SEARCH_USER_PATHS = NO;
				CLANG_ANALYZER_NONNULL = YES;
				CLANG_ANALYZER_NUMBER_OBJECT_CONVERSION = YES_AGGRESSIVE;
				CLANG_CXX_LANGUAGE_STANDARD = "gnu++0x";
				CLANG_CXX_LIBRARY = "libc++";
				CLANG_ENABLE_MODULES = YES;
				CLANG_ENABLE_OBJC_ARC = YES;
				CLANG_WARN_BOOL_CONVERSION = YES;
				CLANG_WARN_CONSTANT_CONVERSION = YES;
				CLANG_WARN_DIRECT_OBJC_ISA_USAGE = YES_ERROR;
				CLANG_WARN_DOCUMENTATION_COMMENTS = YES;
				CLANG_WARN_EMPTY_BODY = YES;
				CLANG_WARN_ENUM_CONVERSION = YES;
				CLANG_WARN_INFINITE_RECURSION = YES;
				CLANG_WARN_INT_CONVERSION = YES;
				CLANG_WARN_OBJC_ROOT_CLASS = YES_ERROR;
				CLANG_WARN_SUSPICIOUS_MOVE = YES;
				CLANG_WARN_UNREACHABLE_CODE = YES;
				CLANG_WARN__DUPLICATE_METHOD_MATCH = YES;
				"CODE_SIGN_IDENTITY[sdk=iphoneos*]" = "iPhone Developer";
				COPY_PHASE_STRIP = NO;
				DEBUG_INFORMATION_FORMAT = "dwarf-with-dsym";
				ENABLE_NS_ASSERTIONS = NO;
				ENABLE_STRICT_OBJC_MSGSEND = YES;
				GCC_C_LANGUAGE_STANDARD = gnu99;
				GCC_NO_COMMON_BLOCKS = YES;
				GCC_WARN_64_TO_32_BIT_CONVERSION = YES;
				GCC_WARN_ABOUT_RETURN_TYPE = YES_ERROR;
				GCC_WARN_UNDECLARED_SELECTOR = YES;
				GCC_WARN_UNINITIALIZED_AUTOS = YES_AGGRESSIVE;
				GCC_WARN_UNUSED_FUNCTION = YES;
				GCC_WARN_UNUSED_VARIABLE = YES;
				IPHONEOS_DEPLOYMENT_TARGET = 10.3;
				MTL_ENABLE_DEBUG_INFO = NO;
				SDKROOT = iphoneos;
				SWIFT_OPTIMIZATION_LEVEL = "-Owholemodule";
				TARGETED_DEVICE_FAMILY = "1,2";
				VALIDATE_PRODUCT = YES;
			};
			name = Release;
		};
		4311E1D01FB29C1300EDE1FE /* Debug */ = {
			isa = XCBuildConfiguration;
			buildSettings = {
				ASSETCATALOG_COMPILER_APPICON_NAME = AppIcon;
				INFOPLIST_FILE = FRPTalk/Info.plist;
				LD_RUNPATH_SEARCH_PATHS = "$(inherited) @executable_path/Frameworks";
				PRODUCT_BUNDLE_IDENTIFIER = io.symer.FRPTalk;
				PRODUCT_NAME = "$(TARGET_NAME)";
				SWIFT_VERSION = 3.0;
			};
			name = Debug;
		};
		4311E1D11FB29C1300EDE1FE /* Release */ = {
			isa = XCBuildConfiguration;
			buildSettings = {
				ASSETCATALOG_COMPILER_APPICON_NAME = AppIcon;
				INFOPLIST_FILE = FRPTalk/Info.plist;
				LD_RUNPATH_SEARCH_PATHS = "$(inherited) @executable_path/Frameworks";
				PRODUCT_BUNDLE_IDENTIFIER = io.symer.FRPTalk;
				PRODUCT_NAME = "$(TARGET_NAME)";
				SWIFT_VERSION = 3.0;
			};
			name = Release;
		};
		4311E1D31FB29C1300EDE1FE /* Debug */ = {
			isa = XCBuildConfiguration;
			buildSettings = {
				ALWAYS_EMBED_SWIFT_STANDARD_LIBRARIES = YES;
				BUNDLE_LOADER = "$(TEST_HOST)";
				INFOPLIST_FILE = FRPTalkTests/Info.plist;
				LD_RUNPATH_SEARCH_PATHS = "$(inherited) @executable_path/Frameworks @loader_path/Frameworks";
				PRODUCT_BUNDLE_IDENTIFIER = io.symer.FRPTalkTests;
				PRODUCT_NAME = "$(TARGET_NAME)";
				SWIFT_VERSION = 3.0;
				TEST_HOST = "$(BUILT_PRODUCTS_DIR)/FRPTalk.app/FRPTalk";
			};
			name = Debug;
		};
		4311E1D41FB29C1300EDE1FE /* Release */ = {
			isa = XCBuildConfiguration;
			buildSettings = {
				ALWAYS_EMBED_SWIFT_STANDARD_LIBRARIES = YES;
				BUNDLE_LOADER = "$(TEST_HOST)";
				INFOPLIST_FILE = FRPTalkTests/Info.plist;
				LD_RUNPATH_SEARCH_PATHS = "$(inherited) @executable_path/Frameworks @loader_path/Frameworks";
				PRODUCT_BUNDLE_IDENTIFIER = io.symer.FRPTalkTests;
				PRODUCT_NAME = "$(TARGET_NAME)";
				SWIFT_VERSION = 3.0;
				TEST_HOST = "$(BUILT_PRODUCTS_DIR)/FRPTalk.app/FRPTalk";
			};
			name = Release;
		};
/* End XCBuildConfiguration section */

/* Begin XCConfigurationList section */
		4311E1AD1FB29C1300EDE1FE /* Build configuration list for PBXProject "FRPTalk" */ = {
			isa = XCConfigurationList;
			buildConfigurations = (
				4311E1CD1FB29C1300EDE1FE /* Debug */,
				4311E1CE1FB29C1300EDE1FE /* Release */,
			);
			defaultConfigurationIsVisible = 0;
			defaultConfigurationName = Release;
		};
		4311E1CF1FB29C1300EDE1FE /* Build configuration list for PBXNativeTarget "FRPTalk" */ = {
			isa = XCConfigurationList;
			buildConfigurations = (
				4311E1D01FB29C1300EDE1FE /* Debug */,
				4311E1D11FB29C1300EDE1FE /* Release */,
			);
			defaultConfigurationIsVisible = 0;
		};
		4311E1D21FB29C1300EDE1FE /* Build configuration list for PBXNativeTarget "FRPTalkTests" */ = {
			isa = XCConfigurationList;
			buildConfigurations = (
				4311E1D31FB29C1300EDE1FE /* Debug */,
				4311E1D41FB29C1300EDE1FE /* Release */,
			);
			defaultConfigurationIsVisible = 0;
		};
/* End XCConfigurationList section */
	};
	rootObject = 4311E1AA1FB29C1300EDE1FE /* Project object */;
}
